{
  "version": 4,
  "terraform_version": "1.4.6",
  "serial": 10,
  "lineage": "8dc58469-e83e-a5da-b72c-388dc6f91d43",
  "outputs": {},
  "resources": [
    {
      "mode": "data",
      "type": "docker_registry_image",
      "name": "server_image",
      "provider": "provider[\"registry.terraform.io/kreuzwerker/docker\"]",
      "instances": [
        {
          "schema_version": 0,
          "attributes": {
            "id": "sha256:26fe8b556b11eb745f6eaf648a67f665cb64c64d5cc3b97e8e1f3f6f446a584a",
            "insecure_skip_verify": false,
            "name": "ghcr.io/spyicydev/todo-server:latest",
            "sha256_digest": "sha256:26fe8b556b11eb745f6eaf648a67f665cb64c64d5cc3b97e8e1f3f6f446a584a"
          },
          "sensitive_attributes": []
        }
      ]
    },
    {
      "mode": "managed",
      "type": "docker_container",
      "name": "todo-server",
      "provider": "provider[\"registry.terraform.io/kreuzwerker/docker\"]",
      "instances": [
        {
          "schema_version": 2,
          "attributes": {
            "attach": false,
            "bridge": "",
            "capabilities": [],
            "cgroupns_mode": null,
            "command": [],
            "container_logs": null,
            "container_read_refresh_timeout_milliseconds": 15000,
            "cpu_set": "",
            "cpu_shares": 0,
            "destroy_grace_seconds": null,
            "devices": [],
            "dns": null,
            "dns_opts": null,
            "dns_search": null,
            "domainname": "",
            "entrypoint": [
              "/bin/sh",
              "-c",
              "/tmp/todo-server"
            ],
            "env": [],
            "exit_code": null,
            "gpus": null,
            "group_add": null,
            "healthcheck": null,
            "host": [],
            "hostname": "6096ffb06593",
            "id": "6096ffb06593c7b9147228f0e1e2fe53638e876ac2e474bcf0a3ffb42b140c12",
            "image": "sha256:22a59f52c9a229fa2a1b18b77a7fd5f13274be89d443356e00269da7551fc4f2",
            "init": false,
            "ipc_mode": "private",
            "labels": [],
            "log_driver": "json-file",
            "log_opts": null,
            "logs": false,
            "max_retry_count": 0,
            "memory": 0,
            "memory_swap": 0,
            "mounts": [],
            "must_run": true,
            "name": "todo-server",
            "network_data": [
              {
                "gateway": "172.17.0.1",
                "global_ipv6_address": "",
                "global_ipv6_prefix_length": 0,
                "ip_address": "172.17.0.2",
                "ip_prefix_length": 16,
                "ipv6_gateway": "",
                "mac_address": "02:42:ac:11:00:02",
                "network_name": "bridge"
              }
            ],
            "network_mode": "default",
            "networks_advanced": [],
            "pid_mode": "",
            "ports": [
              {
                "external": 8080,
                "internal": 80,
                "ip": "0.0.0.0",
                "protocol": "tcp"
              }
            ],
            "privileged": false,
            "publish_all_ports": false,
            "read_only": false,
            "remove_volumes": true,
            "restart": "no",
            "rm": false,
            "runtime": "runc",
            "security_opts": [],
            "shm_size": 64,
            "start": true,
            "stdin_open": false,
            "stop_signal": "",
            "stop_timeout": 0,
            "storage_opts": null,
            "sysctls": null,
            "tmpfs": null,
            "tty": false,
            "ulimit": [],
            "upload": [],
            "user": "",
            "userns_mode": "",
            "volumes": [],
            "wait": false,
            "wait_timeout": 60,
            "working_dir": ""
          },
          "sensitive_attributes": [],
          "private": "eyJzY2hlbWFfdmVyc2lvbiI6IjIifQ==",
          "dependencies": [
            "docker_image.server_image"
          ]
        }
      ]
    },
    {
      "mode": "managed",
      "type": "docker_image",
      "name": "server_image",
      "provider": "provider[\"registry.terraform.io/kreuzwerker/docker\"]",
      "instances": [
        {
          "schema_version": 0,
          "attributes": {
            "build": [],
            "force_remove": null,
            "id": "sha256:22a59f52c9a229fa2a1b18b77a7fd5f13274be89d443356e00269da7551fc4f2ghcr.io/spyicydev/todo-server:latest",
            "image_id": "sha256:22a59f52c9a229fa2a1b18b77a7fd5f13274be89d443356e00269da7551fc4f2",
            "keep_locally": null,
            "name": "ghcr.io/spyicydev/todo-server:latest",
            "platform": null,
            "pull_triggers": [
              "sha256:26fe8b556b11eb745f6eaf648a67f665cb64c64d5cc3b97e8e1f3f6f446a584a"
            ],
            "repo_digest": "ghcr.io/spyicydev/todo-server@sha256:26fe8b556b11eb745f6eaf648a67f665cb64c64d5cc3b97e8e1f3f6f446a584a",
            "triggers": null
          },
          "sensitive_attributes": [],
          "private": "bnVsbA==",
          "dependencies": [
            "data.docker_registry_image.server_image"
          ]
        }
      ]
    }
  ],
  "check_results": null
}
